
Microsoft Visual Studio Solution File, Format Version 12.00
# Visual Studio Version 17
VisualStudioVersion = 17.8.34408.163
MinimumVisualStudioVersion = 10.0.40219.1
Project("{FAE04EC0-301F-11D3-BF4B-00C04F79EFBC}") = "ExercicioAula2", "ExercicioAula2\ExercicioAula2.csproj", "{8D9E5565-0A23-4203-82AC-64CF2514EBAE}"
EndProject
Project("{FAE04EC0-301F-11D3-BF4B-00C04F79EFBC}") = "TestesSimulacao", "TestesSimulacao\TestesSimulacao.csproj", "{F2837622-FEE7-4F3B-B314-2D22A5C75B3A}"
EndProject
Global
	GlobalSection(SolutionConfigurationPlatforms) = preSolution
		Debug|Any CPU = Debug|Any CPU
		Release|Any CPU = Release|Any CPU
	EndGlobalSection
	GlobalSection(ProjectConfigurationPlatforms) = postSolution
		{8D9E5565-0A23-4203-82AC-64CF2514EBAE}.Debug|Any CPU.ActiveCfg = Debug|Any CPU
		{8D9E5565-0A23-4203-82AC-64CF2514EBAE}.Debug|Any CPU.Build.0 = Debug|Any CPU
		{8D9E5565-0A23-4203-82AC-64CF2514EBAE}.Release|Any CPU.ActiveCfg = Release|Any CPU
		{8D9E5565-0A23-4203-82AC-64CF2514EBAE}.Release|Any CPU.Build.0 = Release|Any CPU
		{F2837622-FEE7-4F3B-B314-2D22A5C75B3A}.Debug|Any CPU.ActiveCfg = Debug|Any CPU
		{F2837622-FEE7-4F3B-B314-2D22A5C75B3A}.Debug|Any CPU.Build.0 = Debug|Any CPU
		{F2837622-FEE7-4F3B-B314-2D22A5C75B3A}.Release|Any CPU.ActiveCfg = Release|Any CPU
		{F2837622-FEE7-4F3B-B314-2D22A5C75B3A}.Release|Any CPU.Build.0 = Release|Any CPU
	EndGlobalSection
	GlobalSection(SolutionProperties) = preSolution
		HideSolutionNode = FALSE
	EndGlobalSection
	GlobalSection(ExtensibilityGlobals) = postSolution
		SolutionGuid = {BCC8C498-2117-4E4F-BF9B-1F903845DE83}
	EndGlobalSection
EndGlobal
